// !$*UTF8*$!
{
	archiveVersion = 1;
	classes = {
	};
	objectVersion = 45;
	objects = {

/* Begin PBXBuildFile section */
		1D3623260D0F684500981E51 /* starcraft2_manualAppDelegate.m in Sources */ = {isa = PBXBuildFile; fileRef = 1D3623250D0F684500981E51 /* starcraft2_manualAppDelegate.m */; };
		1D60589B0D05DD56006BFB54 /* main.m in Sources */ = {isa = PBXBuildFile; fileRef = 29B97316FDCFA39411CA2CEA /* main.m */; };
		1D60589F0D05DD5A006BFB54 /* Foundation.framework in Frameworks */ = {isa = PBXBuildFile; fileRef = 1D30AB110D05D00D00671497 /* Foundation.framework */; };
		1DF5F4E00D08C38300B7A737 /* UIKit.framework in Frameworks */ = {isa = PBXBuildFile; fileRef = 1DF5F4DF0D08C38300B7A737 /* UIKit.framework */; };
		28216C970DB411BC00E5133A /* FirstViewController.m in Sources */ = {isa = PBXBuildFile; fileRef = 28216C960DB411BC00E5133A /* FirstViewController.m */; };
		282CCBFE0DB6C98000C4EA27 /* SecondView.xib in Resources */ = {isa = PBXBuildFile; fileRef = 282CCBFD0DB6C98000C4EA27 /* SecondView.xib */; };
		2840D7CE1179279E00D7F93C /* FirstView.xib in Resources */ = {isa = PBXBuildFile; fileRef = 2840D7CD1179279E00D7F93C /* FirstView.xib */; };
		288765080DF74369002DB57D /* CoreGraphics.framework in Frameworks */ = {isa = PBXBuildFile; fileRef = 288765070DF74369002DB57D /* CoreGraphics.framework */; };
		28AD73880D9D96C1002E5188 /* MainWindow.xib in Resources */ = {isa = PBXBuildFile; fileRef = 28AD73870D9D96C1002E5188 /* MainWindow.xib */; };
		E3313C2B12BFD7B600CD6FE0 /* tool.png in Resources */ = {isa = PBXBuildFile; fileRef = E3313C2A12BFD7B600CD6FE0 /* tool.png */; };
		E3313C3412BFD88A00CD6FE0 /* test.png in Resources */ = {isa = PBXBuildFile; fileRef = E3313C3312BFD88A00CD6FE0 /* test.png */; };
		E3313C3F12BFD90500CD6FE0 /* terran_20.png in Resources */ = {isa = PBXBuildFile; fileRef = E3313C3E12BFD90500CD6FE0 /* terran_20.png */; };
		E345BB3312BFC71B0083DFE3 /* protoss_48.gif in Resources */ = {isa = PBXBuildFile; fileRef = E345BB3012BFC71B0083DFE3 /* protoss_48.gif */; };
		E345BB3412BFC71B0083DFE3 /* terran_48.gif in Resources */ = {isa = PBXBuildFile; fileRef = E345BB3112BFC71B0083DFE3 /* terran_48.gif */; };
		E345BB3512BFC71B0083DFE3 /* zerg_48.gif in Resources */ = {isa = PBXBuildFile; fileRef = E345BB3212BFC71B0083DFE3 /* zerg_48.gif */; };
		E345BB5412BFCB3E0083DFE3 /* RootView.m in Sources */ = {isa = PBXBuildFile; fileRef = E345BB5212BFCB3E0083DFE3 /* RootView.m */; };
		E345BB5512BFCB3E0083DFE3 /* RootView.xib in Resources */ = {isa = PBXBuildFile; fileRef = E345BB5312BFCB3E0083DFE3 /* RootView.xib */; };
		E3DACA6F120F1D1A00858F25 /* cellview.xib in Resources */ = {isa = PBXBuildFile; fileRef = E3DACA6E120F1D1A00858F25 /* cellview.xib */; };
/* End PBXBuildFile section */

/* Begin PBXFileReference section */
		1D30AB110D05D00D00671497 /* Foundation.framework */ = {isa = PBXFileReference; lastKnownFileType = wrapper.framework; name = Foundation.framework; path = System/Library/Frameworks/Foundation.framework; sourceTree = SDKROOT; };
		1D3623240D0F684500981E51 /* starcraft2_manualAppDelegate.h */ = {isa = PBXFileReference; fileEncoding = 4; lastKnownFileType = sourcecode.c.h; path = starcraft2_manualAppDelegate.h; sourceTree = "<group>"; };
		1D3623250D0F684500981E51 /* starcraft2_manualAppDelegate.m */ = {isa = PBXFileReference; fileEncoding = 4; lastKnownFileType = sourcecode.c.objc; path = starcraft2_manualAppDelegate.m; sourceTree = "<group>"; };
		1D6058910D05DD3D006BFB54 /* starcraft2 manual.app */ = {isa = PBXFileReference; explicitFileType = wrapper.application; includeInIndex = 0; path = "starcraft2 manual.app"; sourceTree = BUILT_PRODUCTS_DIR; };
		1DF5F4DF0D08C38300B7A737 /* UIKit.framework */ = {isa = PBXFileReference; lastKnownFileType = wrapper.framework; name = UIKit.framework; path = System/Library/Frameworks/UIKit.framework; sourceTree = SDKROOT; };
		28216C950DB411BC00E5133A /* FirstViewController.h */ = {isa = PBXFileReference; fileEncoding = 4; lastKnownFileType = sourcecode.c.h; path = FirstViewController.h; sourceTree = "<group>"; };
		28216C960DB411BC00E5133A /* FirstViewController.m */ = {isa = PBXFileReference; fileEncoding = 4; lastKnownFileType = sourcecode.c.objc; path = FirstViewController.m; sourceTree = "<group>"; };
		282CCBFD0DB6C98000C4EA27 /* SecondView.xib */ = {isa = PBXFileReference; lastKnownFileType = file.xib; path = SecondView.xib; sourceTree = "<group>"; };
		2840D7CD1179279E00D7F93C /* FirstView.xib */ = {isa = PBXFileReference; lastKnownFileType = file.xib; path = FirstView.xib; sourceTree = "<group>"; };
		288765070DF74369002DB57D /* CoreGraphics.framework */ = {isa = PBXFileReference; lastKnownFileType = wrapper.framework; name = CoreGraphics.framework; path = System/Library/Frameworks/CoreGraphics.framework; sourceTree = SDKROOT; };
		28A0AB4B0D9B1048005BE974 /* starcraft2_manual_Prefix.pch */ = {isa = PBXFileReference; fileEncoding = 4; lastKnownFileType = sourcecode.c.h; path = starcraft2_manual_Prefix.pch; sourceTree = "<group>"; };
		28AD73870D9D96C1002E5188 /* MainWindow.xib */ = {isa = PBXFileReference; lastKnownFileType = file.xib; path = MainWindow.xib; sourceTree = "<group>"; };
		29B97316FDCFA39411CA2CEA /* main.m */ = {isa = PBXFileReference; fileEncoding = 4; lastKnownFileType = sourcecode.c.objc; path = main.m; sourceTree = "<group>"; };
		8D1107310486CEB800E47090 /* starcraft2_manual-Info.plist */ = {isa = PBXFileReference; fileEncoding = 4; lastKnownFileType = text.plist.xml; path = "starcraft2_manual-Info.plist"; plistStructureDefinitionIdentifier = "com.apple.xcode.plist.structure-definition.iphone.info-plist"; sourceTree = "<group>"; };
		E3313C2A12BFD7B600CD6FE0 /* tool.png */ = {isa = PBXFileReference; lastKnownFileType = image.png; path = tool.png; sourceTree = "<group>"; };
		E3313C3312BFD88A00CD6FE0 /* test.png */ = {isa = PBXFileReference; lastKnownFileType = image.png; path = test.png; sourceTree = "<group>"; };
		E3313C3E12BFD90500CD6FE0 /* terran_20.png */ = {isa = PBXFileReference; lastKnownFileType = image.png; path = terran_20.png; sourceTree = "<group>"; };
		E345BB3012BFC71B0083DFE3 /* protoss_48.gif */ = {isa = PBXFileReference; lastKnownFileType = image.gif; path = protoss_48.gif; sourceTree = "<group>"; };
		E345BB3112BFC71B0083DFE3 /* terran_48.gif */ = {isa = PBXFileReference; lastKnownFileType = image.gif; path = terran_48.gif; sourceTree = "<group>"; };
		E345BB3212BFC71B0083DFE3 /* zerg_48.gif */ = {isa = PBXFileReference; lastKnownFileType = image.gif; path = zerg_48.gif; sourceTree = "<group>"; };
		E345BB5112BFCB3E0083DFE3 /* RootView.h */ = {isa = PBXFileReference; fileEncoding = 4; lastKnownFileType = sourcecode.c.h; name = RootView.h; path = ../RootView.h; sourceTree = "<group>"; };
		E345BB5212BFCB3E0083DFE3 /* RootView.m */ = {isa = PBXFileReference; fileEncoding = 4; lastKnownFileType = sourcecode.c.objc; name = RootView.m; path = ../RootView.m; sourceTree = "<group>"; };
		E345BB5312BFCB3E0083DFE3 /* RootView.xib */ = {isa = PBXFileReference; lastKnownFileType = file.xib; path = RootView.xib; sourceTree = "<group>"; };
		E3DACA6E120F1D1A00858F25 /* cellview.xib */ = {isa = PBXFileReference; lastKnownFileType = file.xib; path = cellview.xib; sourceTree = "<group>"; };
/* End PBXFileReference section */

/* Begin PBXFrameworksBuildPhase section */
		1D60588F0D05DD3D006BFB54 /* Frameworks */ = {
			isa = PBXFrameworksBuildPhase;
			buildActionMask = 2147483647;
			files = (
				1D60589F0D05DD5A006BFB54 /* Foundation.framework in Frameworks */,
				1DF5F4E00D08C38300B7A737 /* UIKit.framework in Frameworks */,
				288765080DF74369002DB57D /* CoreGraphics.framework in Frameworks */,
			);
			runOnlyForDeploymentPostprocessing = 0;
		};
/* End PBXFrameworksBuildPhase section */

/* Begin PBXGroup section */
		080E96DDFE201D6D7F000001 /* Classes */ = {
			isa = PBXGroup;
			children = (
				28216C950DB411BC00E5133A /* FirstViewController.h */,
				28216C960DB411BC00E5133A /* FirstViewController.m */,
				E345BB5112BFCB3E0083DFE3 /* RootView.h */,
				E345BB5212BFCB3E0083DFE3 /* RootView.m */,
				1D3623240D0F684500981E51 /* starcraft2_manualAppDelegate.h */,
				1D3623250D0F684500981E51 /* starcraft2_manualAppDelegate.m */,
			);
			path = Classes;
			sourceTree = "<group>";
		};
		19C28FACFE9D520D11CA2CBB /* Products */ = {
			isa = PBXGroup;
			children = (
				1D6058910D05DD3D006BFB54 /* starcraft2 manual.app */,
			);
			name = Products;
			sourceTree = "<group>";
		};
		29B97314FDCFA39411CA2CEA /* starcraft2 manual */ = {
			isa = PBXGroup;
			children = (
				080E96DDFE201D6D7F000001 /* Classes */,
				29B97315FDCFA39411CA2CEA /* Other Sources */,
				29B97317FDCFA39411CA2CEA /* Resources */,
				29B97323FDCFA39411CA2CEA /* Frameworks */,
				19C28FACFE9D520D11CA2CBB /* Products */,
			);
			name = "starcraft2 manual";
			sourceTree = "<group>";
		};
		29B97315FDCFA39411CA2CEA /* Other Sources */ = {
			isa = PBXGroup;
			children = (
				28A0AB4B0D9B1048005BE974 /* starcraft2_manual_Prefix.pch */,
				29B97316FDCFA39411CA2CEA /* main.m */,
			);
			name = "Other Sources";
			sourceTree = "<group>";
		};
		29B97317FDCFA39411CA2CEA /* Resources */ = {
			isa = PBXGroup;
			children = (
				E3313C3E12BFD90500CD6FE0 /* terran_20.png */,
				E3313C3312BFD88A00CD6FE0 /* test.png */,
				E345BB3012BFC71B0083DFE3 /* protoss_48.gif */,
				E345BB3112BFC71B0083DFE3 /* terran_48.gif */,
				E3313C2A12BFD7B600CD6FE0 /* tool.png */,
				E345BB3212BFC71B0083DFE3 /* zerg_48.gif */,
				E3DACA6E120F1D1A00858F25 /* cellview.xib */,
				2840D7CD1179279E00D7F93C /* FirstView.xib */,
				E345BB5312BFCB3E0083DFE3 /* RootView.xib */,
				282CCBFD0DB6C98000C4EA27 /* SecondView.xib */,
				28AD73870D9D96C1002E5188 /* MainWindow.xib */,
				8D1107310486CEB800E47090 /* starcraft2_manual-Info.plist */,
			);
			name = Resources;
			sourceTree = "<group>";
		};
		29B97323FDCFA39411CA2CEA /* Frameworks */ = {
			isa = PBXGroup;
			children = (
				1DF5F4DF0D08C38300B7A737 /* UIKit.framework */,
				1D30AB110D05D00D00671497 /* Foundation.framework */,
				288765070DF74369002DB57D /* CoreGraphics.framework */,
			);
			name = Frameworks;
			sourceTree = "<group>";
		};
/* End PBXGroup section */

/* Begin PBXNativeTarget section */
		1D6058900D05DD3D006BFB54 /* starcraft2 manual */ = {
			isa = PBXNativeTarget;
			buildConfigurationList = 1D6058960D05DD3E006BFB54 /* Build configuration list for PBXNativeTarget "starcraft2 manual" */;
			buildPhases = (
				1D60588D0D05DD3D006BFB54 /* Resources */,
				1D60588E0D05DD3D006BFB54 /* Sources */,
				1D60588F0D05DD3D006BFB54 /* Frameworks */,
			);
			buildRules = (
			);
			dependencies = (
			);
			name = "starcraft2 manual";
			productName = "starcraft2 manual";
			productReference = 1D6058910D05DD3D006BFB54 /* starcraft2 manual.app */;
			productType = "com.apple.product-type.application";
		};
/* End PBXNativeTarget section */

/* Begin PBXProject section */
		29B97313FDCFA39411CA2CEA /* Project object */ = {
			isa = PBXProject;
			buildConfigurationList = C01FCF4E08A954540054247B /* Build configuration list for PBXProject "starcraft2 manual" */;
			compatibilityVersion = "Xcode 3.1";
			hasScannedForEncodings = 1;
			mainGroup = 29B97314FDCFA39411CA2CEA /* starcraft2 manual */;
			projectDirPath = "";
			projectRoot = "";
			targets = (
				1D6058900D05DD3D006BFB54 /* starcraft2 manual */,
			);
		};
/* End PBXProject section */

/* Begin PBXResourcesBuildPhase section */
		1D60588D0D05DD3D006BFB54 /* Resources */ = {
			isa = PBXResourcesBuildPhase;
			buildActionMask = 2147483647;
			files = (
				28AD73880D9D96C1002E5188 /* MainWindow.xib in Resources */,
				282CCBFE0DB6C98000C4EA27 /* SecondView.xib in Resources */,
				2840D7CE1179279E00D7F93C /* FirstView.xib in Resources */,
				E3DACA6F120F1D1A00858F25 /* cellview.xib in Resources */,
				E345BB3312BFC71B0083DFE3 /* protoss_48.gif in Resources */,
				E345BB3412BFC71B0083DFE3 /* terran_48.gif in Resources */,
				E345BB3512BFC71B0083DFE3 /* zerg_48.gif in Resources */,
				E345BB5512BFCB3E0083DFE3 /* RootView.xib in Resources */,
				E3313C2B12BFD7B600CD6FE0 /* tool.png in Resources */,
				E3313C3412BFD88A00CD6FE0 /* test.png in Resources */,
				E3313C3F12BFD90500CD6FE0 /* terran_20.png in Resources */,
			);
			runOnlyForDeploymentPostprocessing = 0;
		};
/* End PBXResourcesBuildPhase section */

/* Begin PBXSourcesBuildPhase section */
		1D60588E0D05DD3D006BFB54 /* Sources */ = {
			isa = PBXSourcesBuildPhase;
			buildActionMask = 2147483647;
			files = (
				1D60589B0D05DD56006BFB54 /* main.m in Sources */,
				1D3623260D0F684500981E51 /* starcraft2_manualAppDelegate.m in Sources */,
				28216C970DB411BC00E5133A /* FirstViewController.m in Sources */,
				E345BB5412BFCB3E0083DFE3 /* RootView.m in Sources */,
			);
			runOnlyForDeploymentPostprocessing = 0;
		};
/* End PBXSourcesBuildPhase section */

/* Begin XCBuildConfiguration section */
		1D6058940D05DD3E006BFB54 /* Debug */ = {
			isa = XCBuildConfiguration;
			buildSettings = {
				ALWAYS_SEARCH_USER_PATHS = NO;
				COPY_PHASE_STRIP = NO;
				GCC_DYNAMIC_NO_PIC = NO;
				GCC_OPTIMIZATION_LEVEL = 0;
				GCC_PRECOMPILE_PREFIX_HEADER = YES;
				GCC_PREFIX_HEADER = starcraft2_manual_Prefix.pch;
				INFOPLIST_FILE = "starcraft2_manual-Info.plist";
				PRODUCT_NAME = "starcraft2 manual";
			};
			name = Debug;
		};
		1D6058950D05DD3E006BFB54 /* Release */ = {
			isa = XCBuildConfiguration;
			buildSettings = {
				ALWAYS_SEARCH_USER_PATHS = NO;
				COPY_PHASE_STRIP = YES;
				GCC_PRECOMPILE_PREFIX_HEADER = YES;
				GCC_PREFIX_HEADER = starcraft2_manual_Prefix.pch;
				INFOPLIST_FILE = "starcraft2_manual-Info.plist";
				PRODUCT_NAME = "starcraft2 manual";
				VALIDATE_PRODUCT = YES;
			};
			name = Release;
		};
		C01FCF4F08A954540054247B /* Debug */ = {
			isa = XCBuildConfiguration;
			buildSettings = {
				ARCHS = "$(ARCHS_STANDARD_32_BIT)";
				"CODE_SIGN_IDENTITY[sdk=iphoneos*]" = "iPhone Developer";
				GCC_C_LANGUAGE_STANDARD = c99;
				GCC_WARN_ABOUT_RETURN_TYPE = YES;
				GCC_WARN_UNUSED_VARIABLE = YES;
				PREBINDING = NO;
				SDKROOT = iphoneos4.0;
			};
			name = Debug;
		};
		C01FCF5008A954540054247B /* Release */ = {
			isa = XCBuildConfiguration;
			buildSettings = {
				ARCHS = "$(ARCHS_STANDARD_32_BIT)";
				"CODE_SIGN_IDENTITY[sdk=iphoneos*]" = "iPhone Developer";
				GCC_C_LANGUAGE_STANDARD = c99;
				GCC_WARN_ABOUT_RETURN_TYPE = YES;
				GCC_WARN_UNUSED_VARIABLE = YES;
				OTHER_CFLAGS = "-DNS_BLOCK_ASSERTIONS=1";
				PREBINDING = NO;
				SDKROOT = iphoneos4.0;
			};
			name = Release;
		};
/* End XCBuildConfiguration section */

/* Begin XCConfigurationList section */
		1D6058960D05DD3E006BFB54 /* Build configuration list for PBXNativeTarget "starcraft2 manual" */ = {
			isa = XCConfigurationList;
			buildConfigurations = (
				1D6058940D05DD3E006BFB54 /* Debug */,
				1D6058950D05DD3E006BFB54 /* Release */,
			);
			defaultConfigurationIsVisible = 0;
			defaultConfigurationName = Release;
		};
		C01FCF4E08A954540054247B /* Build configuration list for PBXProject "starcraft2 manual" */ = {
			isa = XCConfigurationList;
			buildConfigurations = (
				C01FCF4F08A954540054247B /* Debug */,
				C01FCF5008A954540054247B /* Release */,
			);
			defaultConfigurationIsVisible = 0;
			defaultConfigurationName = Release;
		};
/* End XCConfigurationList section */
	};
	rootObject = 29B97313FDCFA39411CA2CEA /* Project object */;
}
